// !$*UTF8*$!
{
	archiveVersion = 1;
	classes = {
	};
	objectVersion = 46;
	objects = {

/* Begin PBXBuildFile section */
		0000F7348B45876FFC0F2AC2 /* libPods-ProgrammingExcercise.a in Frameworks */ = {isa = PBXBuildFile; fileRef = 618FA77A44CA208AEB12676D /* libPods-ProgrammingExcercise.a */; };
		BF5A15B81A846108001A0691 /* MapKit.framework in Frameworks */ = {isa = PBXBuildFile; fileRef = BF5A15B71A846108001A0691 /* MapKit.framework */; };
		BF5A15BA1A84610E001A0691 /* CoreGraphics.framework in Frameworks */ = {isa = PBXBuildFile; fileRef = BF5A15B91A84610E001A0691 /* CoreGraphics.framework */; };
		BF5A15BC1A846112001A0691 /* UIKit.framework in Frameworks */ = {isa = PBXBuildFile; fileRef = BF5A15BB1A846112001A0691 /* UIKit.framework */; };
		BF5A15BE1A846118001A0691 /* Foundation.framework in Frameworks */ = {isa = PBXBuildFile; fileRef = BF5A15BD1A846118001A0691 /* Foundation.framework */; };
		BF5A15C01A846125001A0691 /* CoreLocation.framework in Frameworks */ = {isa = PBXBuildFile; fileRef = BF5A15BF1A846125001A0691 /* CoreLocation.framework */; };
		BFFB4D031A84542500DE96F0 /* main.m in Sources */ = {isa = PBXBuildFile; fileRef = BFFB4D021A84542500DE96F0 /* main.m */; };
		BFFB4D061A84542500DE96F0 /* AppDelegate.m in Sources */ = {isa = PBXBuildFile; fileRef = BFFB4D051A84542500DE96F0 /* AppDelegate.m */; };
		BFFB4D111A84542500DE96F0 /* Images.xcassets in Resources */ = {isa = PBXBuildFile; fileRef = BFFB4D101A84542500DE96F0 /* Images.xcassets */; };
		BFFB4D141A84542500DE96F0 /* LaunchScreen.xib in Resources */ = {isa = PBXBuildFile; fileRef = BFFB4D121A84542500DE96F0 /* LaunchScreen.xib */; };
		BFFB4D201A84542600DE96F0 /* ProgrammingExcerciseTests.m in Sources */ = {isa = PBXBuildFile; fileRef = BFFB4D1F1A84542600DE96F0 /* ProgrammingExcerciseTests.m */; };
		BFFB4D391A8454BF00DE96F0 /* Contact.m in Sources */ = {isa = PBXBuildFile; fileRef = BFFB4D2A1A8454BF00DE96F0 /* Contact.m */; };
		BFFB4D3A1A8454BF00DE96F0 /* CoreLocation.m in Sources */ = {isa = PBXBuildFile; fileRef = BFFB4D2C1A8454BF00DE96F0 /* CoreLocation.m */; };
		BFFB4D3B1A8454BF00DE96F0 /* Location.m in Sources */ = {isa = PBXBuildFile; fileRef = BFFB4D2E1A8454BF00DE96F0 /* Location.m */; };
		BFFB4D3C1A8454BF00DE96F0 /* MapPoint.m in Sources */ = {isa = PBXBuildFile; fileRef = BFFB4D301A8454BF00DE96F0 /* MapPoint.m */; };
		BFFB4D3D1A8454BF00DE96F0 /* MapViewController.m in Sources */ = {isa = PBXBuildFile; fileRef = BFFB4D321A8454BF00DE96F0 /* MapViewController.m */; };
		BFFB4D3E1A8454BF00DE96F0 /* MasterViewController.m in Sources */ = {isa = PBXBuildFile; fileRef = BFFB4D341A8454BF00DE96F0 /* MasterViewController.m */; };
		BFFB4D3F1A8454BF00DE96F0 /* Venue.m in Sources */ = {isa = PBXBuildFile; fileRef = BFFB4D361A8454BF00DE96F0 /* Venue.m */; };
		BFFB4D401A8454BF00DE96F0 /* VenueCell.m in Sources */ = {isa = PBXBuildFile; fileRef = BFFB4D381A8454BF00DE96F0 /* VenueCell.m */; };
		BFFB4D421A84551000DE96F0 /* Main.storyboard in Resources */ = {isa = PBXBuildFile; fileRef = BFFB4D411A84551000DE96F0 /* Main.storyboard */; };
/* End PBXBuildFile section */

/* Begin PBXContainerItemProxy section */
		BFFB4D1A1A84542600DE96F0 /* PBXContainerItemProxy */ = {
			isa = PBXContainerItemProxy;
			containerPortal = BFFB4CF51A84542500DE96F0 /* Project object */;
			proxyType = 1;
			remoteGlobalIDString = BFFB4CFC1A84542500DE96F0;
			remoteInfo = ProgrammingExcercise;
		};
/* End PBXContainerItemProxy section */

/* Begin PBXFileReference section */
		388C299C1F56BAF98CA9EC06 /* Pods-ProgrammingExcercise.debug.xcconfig */ = {isa = PBXFileReference; includeInIndex = 1; lastKnownFileType = text.xcconfig; name = "Pods-ProgrammingExcercise.debug.xcconfig"; path = "Pods/Target Support Files/Pods-ProgrammingExcercise/Pods-ProgrammingExcercise.debug.xcconfig"; sourceTree = "<group>"; };
		618FA77A44CA208AEB12676D /* libPods-ProgrammingExcercise.a */ = {isa = PBXFileReference; explicitFileType = archive.ar; includeInIndex = 0; path = "libPods-ProgrammingExcercise.a"; sourceTree = BUILT_PRODUCTS_DIR; };
		A770A0ACE0AD866E317A976C /* Pods-ProgrammingExcercise.release.xcconfig */ = {isa = PBXFileReference; includeInIndex = 1; lastKnownFileType = text.xcconfig; name = "Pods-ProgrammingExcercise.release.xcconfig"; path = "Pods/Target Support Files/Pods-ProgrammingExcercise/Pods-ProgrammingExcercise.release.xcconfig"; sourceTree = "<group>"; };
		BF5A15B51A8460E2001A0691 /* CFNetwork.framework */ = {isa = PBXFileReference; lastKnownFileType = wrapper.framework; name = CFNetwork.framework; path = System/Library/Frameworks/CFNetwork.framework; sourceTree = SDKROOT; };
		BF5A15B71A846108001A0691 /* MapKit.framework */ = {isa = PBXFileReference; lastKnownFileType = wrapper.framework; name = MapKit.framework; path = System/Library/Frameworks/MapKit.framework; sourceTree = SDKROOT; };
		BF5A15B91A84610E001A0691 /* CoreGraphics.framework */ = {isa = PBXFileReference; lastKnownFileType = wrapper.framework; name = CoreGraphics.framework; path = System/Library/Frameworks/CoreGraphics.framework; sourceTree = SDKROOT; };
		BF5A15BB1A846112001A0691 /* UIKit.framework */ = {isa = PBXFileReference; lastKnownFileType = wrapper.framework; name = UIKit.framework; path = System/Library/Frameworks/UIKit.framework; sourceTree = SDKROOT; };
		BF5A15BD1A846118001A0691 /* Foundation.framework */ = {isa = PBXFileReference; lastKnownFileType = wrapper.framework; name = Foundation.framework; path = System/Library/Frameworks/Foundation.framework; sourceTree = SDKROOT; };
		BF5A15BF1A846125001A0691 /* CoreLocation.framework */ = {isa = PBXFileReference; lastKnownFileType = wrapper.framework; name = CoreLocation.framework; path = System/Library/Frameworks/CoreLocation.framework; sourceTree = SDKROOT; };
		BFFB4CFD1A84542500DE96F0 /* ProgrammingExcercise.app */ = {isa = PBXFileReference; explicitFileType = wrapper.application; includeInIndex = 0; path = ProgrammingExcercise.app; sourceTree = BUILT_PRODUCTS_DIR; };
		BFFB4D011A84542500DE96F0 /* Info.plist */ = {isa = PBXFileReference; lastKnownFileType = text.plist.xml; path = Info.plist; sourceTree = "<group>"; };
		BFFB4D021A84542500DE96F0 /* main.m */ = {isa = PBXFileReference; lastKnownFileType = sourcecode.c.objc; path = main.m; sourceTree = "<group>"; };
		BFFB4D041A84542500DE96F0 /* AppDelegate.h */ = {isa = PBXFileReference; lastKnownFileType = sourcecode.c.h; path = AppDelegate.h; sourceTree = "<group>"; };
		BFFB4D051A84542500DE96F0 /* AppDelegate.m */ = {isa = PBXFileReference; lastKnownFileType = sourcecode.c.objc; path = AppDelegate.m; sourceTree = "<group>"; };
		BFFB4D101A84542500DE96F0 /* Images.xcassets */ = {isa = PBXFileReference; lastKnownFileType = folder.assetcatalog; path = Images.xcassets; sourceTree = "<group>"; };
		BFFB4D131A84542500DE96F0 /* Base */ = {isa = PBXFileReference; lastKnownFileType = file.xib; name = Base; path = Base.lproj/LaunchScreen.xib; sourceTree = "<group>"; };
		BFFB4D191A84542600DE96F0 /* ProgrammingExcerciseTests.xctest */ = {isa = PBXFileReference; explicitFileType = wrapper.cfbundle; includeInIndex = 0; path = ProgrammingExcerciseTests.xctest; sourceTree = BUILT_PRODUCTS_DIR; };
		BFFB4D1E1A84542600DE96F0 /* Info.plist */ = {isa = PBXFileReference; lastKnownFileType = text.plist.xml; path = Info.plist; sourceTree = "<group>"; };
		BFFB4D1F1A84542600DE96F0 /* ProgrammingExcerciseTests.m */ = {isa = PBXFileReference; lastKnownFileType = sourcecode.c.objc; path = ProgrammingExcerciseTests.m; sourceTree = "<group>"; };
		BFFB4D291A8454BF00DE96F0 /* Contact.h */ = {isa = PBXFileReference; fileEncoding = 4; lastKnownFileType = sourcecode.c.h; path = Contact.h; sourceTree = "<group>"; };
		BFFB4D2A1A8454BF00DE96F0 /* Contact.m */ = {isa = PBXFileReference; fileEncoding = 4; lastKnownFileType = sourcecode.c.objc; path = Contact.m; sourceTree = "<group>"; };
		BFFB4D2B1A8454BF00DE96F0 /* CoreLocation.h */ = {isa = PBXFileReference; fileEncoding = 4; lastKnownFileType = sourcecode.c.h; path = CoreLocation.h; sourceTree = "<group>"; };
		BFFB4D2C1A8454BF00DE96F0 /* CoreLocation.m */ = {isa = PBXFileReference; fileEncoding = 4; lastKnownFileType = sourcecode.c.objc; path = CoreLocation.m; sourceTree = "<group>"; };
		BFFB4D2D1A8454BF00DE96F0 /* Location.h */ = {isa = PBXFileReference; fileEncoding = 4; lastKnownFileType = sourcecode.c.h; path = Location.h; sourceTree = "<group>"; };
		BFFB4D2E1A8454BF00DE96F0 /* Location.m */ = {isa = PBXFileReference; fileEncoding = 4; lastKnownFileType = sourcecode.c.objc; path = Location.m; sourceTree = "<group>"; };
		BFFB4D2F1A8454BF00DE96F0 /* MapPoint.h */ = {isa = PBXFileReference; fileEncoding = 4; lastKnownFileType = sourcecode.c.h; path = MapPoint.h; sourceTree = "<group>"; };
		BFFB4D301A8454BF00DE96F0 /* MapPoint.m */ = {isa = PBXFileReference; fileEncoding = 4; lastKnownFileType = sourcecode.c.objc; path = MapPoint.m; sourceTree = "<group>"; };
		BFFB4D311A8454BF00DE96F0 /* MapViewController.h */ = {isa = PBXFileReference; fileEncoding = 4; lastKnownFileType = sourcecode.c.h; path = MapViewController.h; sourceTree = "<group>"; };
		BFFB4D321A8454BF00DE96F0 /* MapViewController.m */ = {isa = PBXFileReference; fileEncoding = 4; lastKnownFileType = sourcecode.c.objc; path = MapViewController.m; sourceTree = "<group>"; };
		BFFB4D331A8454BF00DE96F0 /* MasterViewController.h */ = {isa = PBXFileReference; fileEncoding = 4; lastKnownFileType = sourcecode.c.h; path = MasterViewController.h; sourceTree = "<group>"; };
		BFFB4D341A8454BF00DE96F0 /* MasterViewController.m */ = {isa = PBXFileReference; fileEncoding = 4; lastKnownFileType = sourcecode.c.objc; path = MasterViewController.m; sourceTree = "<group>"; };
		BFFB4D351A8454BF00DE96F0 /* Venue.h */ = {isa = PBXFileReference; fileEncoding = 4; lastKnownFileType = sourcecode.c.h; path = Venue.h; sourceTree = "<group>"; };
		BFFB4D361A8454BF00DE96F0 /* Venue.m */ = {isa = PBXFileReference; fileEncoding = 4; lastKnownFileType = sourcecode.c.objc; path = Venue.m; sourceTree = "<group>"; };
		BFFB4D371A8454BF00DE96F0 /* VenueCell.h */ = {isa = PBXFileReference; fileEncoding = 4; lastKnownFileType = sourcecode.c.h; path = VenueCell.h; sourceTree = "<group>"; };
		BFFB4D381A8454BF00DE96F0 /* VenueCell.m */ = {isa = PBXFileReference; fileEncoding = 4; lastKnownFileType = sourcecode.c.objc; path = VenueCell.m; sourceTree = "<group>"; };
		BFFB4D411A84551000DE96F0 /* Main.storyboard */ = {isa = PBXFileReference; fileEncoding = 4; lastKnownFileType = file.storyboard; path = Main.storyboard; sourceTree = "<group>"; };
/* End PBXFileReference section */

/* Begin PBXFrameworksBuildPhase section */
		BFFB4CFA1A84542500DE96F0 /* Frameworks */ = {
			isa = PBXFrameworksBuildPhase;
			buildActionMask = 2147483647;
			files = (
				BF5A15C01A846125001A0691 /* CoreLocation.framework in Frameworks */,
				BF5A15BE1A846118001A0691 /* Foundation.framework in Frameworks */,
				BF5A15BC1A846112001A0691 /* UIKit.framework in Frameworks */,
				BF5A15BA1A84610E001A0691 /* CoreGraphics.framework in Frameworks */,
				BF5A15B81A846108001A0691 /* MapKit.framework in Frameworks */,
				0000F7348B45876FFC0F2AC2 /* libPods-ProgrammingExcercise.a in Frameworks */,
			);
			runOnlyForDeploymentPostprocessing = 0;
		};
		BFFB4D161A84542600DE96F0 /* Frameworks */ = {
			isa = PBXFrameworksBuildPhase;
			buildActionMask = 2147483647;
			files = (
			);
			runOnlyForDeploymentPostprocessing = 0;
		};
/* End PBXFrameworksBuildPhase section */

/* Begin PBXGroup section */
		6282FDE75C7D30183AD9AC6F /* Pods */ = {
			isa = PBXGroup;
			children = (
				388C299C1F56BAF98CA9EC06 /* Pods-ProgrammingExcercise.debug.xcconfig */,
				A770A0ACE0AD866E317A976C /* Pods-ProgrammingExcercise.release.xcconfig */,
			);
			name = Pods;
			sourceTree = "<group>";
		};
		826D246DC7DC2A7FEC2EDD05 /* Frameworks */ = {
			isa = PBXGroup;
			children = (
				BF5A15BF1A846125001A0691 /* CoreLocation.framework */,
				BF5A15BD1A846118001A0691 /* Foundation.framework */,
				BF5A15BB1A846112001A0691 /* UIKit.framework */,
				BF5A15B91A84610E001A0691 /* CoreGraphics.framework */,
				BF5A15B71A846108001A0691 /* MapKit.framework */,
				BF5A15B51A8460E2001A0691 /* CFNetwork.framework */,
				618FA77A44CA208AEB12676D /* libPods-ProgrammingExcercise.a */,
			);
			name = Frameworks;
			sourceTree = "<group>";
		};
		BFFB4CF41A84542500DE96F0 = {
			isa = PBXGroup;
			children = (
				BFFB4CFF1A84542500DE96F0 /* ProgrammingExcercise */,
				BFFB4D1C1A84542600DE96F0 /* ProgrammingExcerciseTests */,
				BFFB4CFE1A84542500DE96F0 /* Products */,
				6282FDE75C7D30183AD9AC6F /* Pods */,
				826D246DC7DC2A7FEC2EDD05 /* Frameworks */,
			);
			sourceTree = "<group>";
		};
		BFFB4CFE1A84542500DE96F0 /* Products */ = {
			isa = PBXGroup;
			children = (
				BFFB4CFD1A84542500DE96F0 /* ProgrammingExcercise.app */,
				BFFB4D191A84542600DE96F0 /* ProgrammingExcerciseTests.xctest */,
			);
			name = Products;
			sourceTree = "<group>";
		};
		BFFB4CFF1A84542500DE96F0 /* ProgrammingExcercise */ = {
			isa = PBXGroup;
			children = (
				BFFB4D411A84551000DE96F0 /* Main.storyboard */,
				BFFB4D291A8454BF00DE96F0 /* Contact.h */,
				BFFB4D2A1A8454BF00DE96F0 /* Contact.m */,
				BFFB4D2B1A8454BF00DE96F0 /* CoreLocation.h */,
				BFFB4D2C1A8454BF00DE96F0 /* CoreLocation.m */,
				BFFB4D2D1A8454BF00DE96F0 /* Location.h */,
				BFFB4D2E1A8454BF00DE96F0 /* Location.m */,
				BFFB4D2F1A8454BF00DE96F0 /* MapPoint.h */,
				BFFB4D301A8454BF00DE96F0 /* MapPoint.m */,
				BFFB4D311A8454BF00DE96F0 /* MapViewController.h */,
				BFFB4D321A8454BF00DE96F0 /* MapViewController.m */,
				BFFB4D331A8454BF00DE96F0 /* MasterViewController.h */,
				BFFB4D341A8454BF00DE96F0 /* MasterViewController.m */,
				BFFB4D351A8454BF00DE96F0 /* Venue.h */,
				BFFB4D361A8454BF00DE96F0 /* Venue.m */,
				BFFB4D371A8454BF00DE96F0 /* VenueCell.h */,
				BFFB4D381A8454BF00DE96F0 /* VenueCell.m */,
				BFFB4D041A84542500DE96F0 /* AppDelegate.h */,
				BFFB4D051A84542500DE96F0 /* AppDelegate.m */,
				BFFB4D101A84542500DE96F0 /* Images.xcassets */,
				BFFB4D121A84542500DE96F0 /* LaunchScreen.xib */,
				BFFB4D001A84542500DE96F0 /* Supporting Files */,
			);
			path = ProgrammingExcercise;
			sourceTree = "<group>";
		};
		BFFB4D001A84542500DE96F0 /* Supporting Files */ = {
			isa = PBXGroup;
			children = (
				BFFB4D011A84542500DE96F0 /* Info.plist */,
				BFFB4D021A84542500DE96F0 /* main.m */,
			);
			name = "Supporting Files";
			sourceTree = "<group>";
		};
		BFFB4D1C1A84542600DE96F0 /* ProgrammingExcerciseTests */ = {
			isa = PBXGroup;
			children = (
				BFFB4D1F1A84542600DE96F0 /* ProgrammingExcerciseTests.m */,
				BFFB4D1D1A84542600DE96F0 /* Supporting Files */,
			);
			path = ProgrammingExcerciseTests;
			sourceTree = "<group>";
		};
		BFFB4D1D1A84542600DE96F0 /* Supporting Files */ = {
			isa = PBXGroup;
			children = (
				BFFB4D1E1A84542600DE96F0 /* Info.plist */,
			);
			name = "Supporting Files";
			sourceTree = "<group>";
		};
/* End PBXGroup section */

/* Begin PBXNativeTarget section */
		BFFB4CFC1A84542500DE96F0 /* ProgrammingExcercise */ = {
			isa = PBXNativeTarget;
			buildConfigurationList = BFFB4D231A84542600DE96F0 /* Build configuration list for PBXNativeTarget "ProgrammingExcercise" */;
			buildPhases = (
				4A7B5729D82218AA0911B4A5 /* Check Pods Manifest.lock */,
				BFFB4CF91A84542500DE96F0 /* Sources */,
				BFFB4CFA1A84542500DE96F0 /* Frameworks */,
				BFFB4CFB1A84542500DE96F0 /* Resources */,
				99517F45599E77C1EDE9F75A /* Copy Pods Resources */,
			);
			buildRules = (
			);
			dependencies = (
			);
			name = ProgrammingExcercise;
			productName = ProgrammingExcercise;
			productReference = BFFB4CFD1A84542500DE96F0 /* ProgrammingExcercise.app */;
			productType = "com.apple.product-type.application";
		};
		BFFB4D181A84542600DE96F0 /* ProgrammingExcerciseTests */ = {
			isa = PBXNativeTarget;
			buildConfigurationList = BFFB4D261A84542600DE96F0 /* Build configuration list for PBXNativeTarget "ProgrammingExcerciseTests" */;
			buildPhases = (
				BFFB4D151A84542600DE96F0 /* Sources */,
				BFFB4D161A84542600DE96F0 /* Frameworks */,
				BFFB4D171A84542600DE96F0 /* Resources */,
			);
			buildRules = (
			);
			dependencies = (
				BFFB4D1B1A84542600DE96F0 /* PBXTargetDependency */,
			);
			name = ProgrammingExcerciseTests;
			productName = ProgrammingExcerciseTests;
			productReference = BFFB4D191A84542600DE96F0 /* ProgrammingExcerciseTests.xctest */;
			productType = "com.apple.product-type.bundle.unit-test";
		};
/* End PBXNativeTarget section */

/* Begin PBXProject section */
		BFFB4CF51A84542500DE96F0 /* Project object */ = {
			isa = PBXProject;
			attributes = {
				LastUpgradeCheck = 0610;
				TargetAttributes = {
					BFFB4CFC1A84542500DE96F0 = {
						CreatedOnToolsVersion = 6.1.1;
					};
					BFFB4D181A84542600DE96F0 = {
						CreatedOnToolsVersion = 6.1.1;
						TestTargetID = BFFB4CFC1A84542500DE96F0;
					};
				};
			};
			buildConfigurationList = BFFB4CF81A84542500DE96F0 /* Build configuration list for PBXProject "ProgrammingExcercise" */;
			compatibilityVersion = "Xcode 3.2";
			developmentRegion = English;
			hasScannedForEncodings = 0;
			knownRegions = (
				en,
				Base,
			);
			mainGroup = BFFB4CF41A84542500DE96F0;
			productRefGroup = BFFB4CFE1A84542500DE96F0 /* Products */;
			projectDirPath = "";
			projectRoot = "";
			targets = (
				BFFB4CFC1A84542500DE96F0 /* ProgrammingExcercise */,
				BFFB4D181A84542600DE96F0 /* ProgrammingExcerciseTests */,
			);
		};
/* End PBXProject section */

/* Begin PBXResourcesBuildPhase section */
		BFFB4CFB1A84542500DE96F0 /* Resources */ = {
			isa = PBXResourcesBuildPhase;
			buildActionMask = 2147483647;
			files = (
				BFFB4D421A84551000DE96F0 /* Main.storyboard in Resources */,
				BFFB4D141A84542500DE96F0 /* LaunchScreen.xib in Resources */,
				BFFB4D111A84542500DE96F0 /* Images.xcassets in Resources */,
			);
			runOnlyForDeploymentPostprocessing = 0;
		};
		BFFB4D171A84542600DE96F0 /* Resources */ = {
			isa = PBXResourcesBuildPhase;
			buildActionMask = 2147483647;
			files = (
			);
			runOnlyForDeploymentPostprocessing = 0;
		};
/* End PBXResourcesBuildPhase section */

/* Begin PBXShellScriptBuildPhase section */
		4A7B5729D82218AA0911B4A5 /* Check Pods Manifest.lock */ = {
			isa = PBXShellScriptBuildPhase;
			buildActionMask = 2147483647;
			files = (
			);
			inputPaths = (
			);
			name = "Check Pods Manifest.lock";
			outputPaths = (
			);
			runOnlyForDeploymentPostprocessing = 0;
			shellPath = /bin/sh;
			shellScript = "diff \"${PODS_ROOT}/../Podfile.lock\" \"${PODS_ROOT}/Manifest.lock\" > /dev/null\nif [[ $? != 0 ]] ; then\n    cat << EOM\nerror: The sandbox is not in sync with the Podfile.lock. Run 'pod install' or update your CocoaPods installation.\nEOM\n    exit 1\nfi\n";
			showEnvVarsInLog = 0;
		};
		99517F45599E77C1EDE9F75A /* Copy Pods Resources */ = {
			isa = PBXShellScriptBuildPhase;
			buildActionMask = 2147483647;
			files = (
			);
			inputPaths = (
			);
			name = "Copy Pods Resources";
			outputPaths = (
			);
			runOnlyForDeploymentPostprocessing = 0;
			shellPath = /bin/sh;
			shellScript = "\"${SRCROOT}/Pods/Target Support Files/Pods-ProgrammingExcercise/Pods-ProgrammingExcercise-resources.sh\"\n";
			showEnvVarsInLog = 0;
		};
/* End PBXShellScriptBuildPhase section */

/* Begin PBXSourcesBuildPhase section */
		BFFB4CF91A84542500DE96F0 /* Sources */ = {
			isa = PBXSourcesBuildPhase;
			buildActionMask = 2147483647;
			files = (
				BFFB4D061A84542500DE96F0 /* AppDelegate.m in Sources */,
				BFFB4D3B1A8454BF00DE96F0 /* Location.m in Sources */,
				BFFB4D391A8454BF00DE96F0 /* Contact.m in Sources */,
				BFFB4D401A8454BF00DE96F0 /* VenueCell.m in Sources */,
				BFFB4D3F1A8454BF00DE96F0 /* Venue.m in Sources */,
				BFFB4D031A84542500DE96F0 /* main.m in Sources */,
				BFFB4D3E1A8454BF00DE96F0 /* MasterViewController.m in Sources */,
				BFFB4D3A1A8454BF00DE96F0 /* CoreLocation.m in Sources */,
				BFFB4D3C1A8454BF00DE96F0 /* MapPoint.m in Sources */,
				BFFB4D3D1A8454BF00DE96F0 /* MapViewController.m in Sources */,
			);
			runOnlyForDeploymentPostprocessing = 0;
		};
		BFFB4D151A84542600DE96F0 /* Sources */ = {
			isa = PBXSourcesBuildPhase;
			buildActionMask = 2147483647;
			files = (
				BFFB4D201A84542600DE96F0 /* ProgrammingExcerciseTests.m in Sources */,
			);
			runOnlyForDeploymentPostprocessing = 0;
		};
/* End PBXSourcesBuildPhase section */

/* Begin PBXTargetDependency section */
		BFFB4D1B1A84542600DE96F0 /* PBXTargetDependency */ = {
			isa = PBXTargetDependency;
			target = BFFB4CFC1A84542500DE96F0 /* ProgrammingExcercise */;
			targetProxy = BFFB4D1A1A84542600DE96F0 /* PBXContainerItemProxy */;
		};
/* End PBXTargetDependency section */

/* Begin PBXVariantGroup section */
		BFFB4D121A84542500DE96F0 /* LaunchScreen.xib */ = {
			isa = PBXVariantGroup;
			children = (
				BFFB4D131A84542500DE96F0 /* Base */,
			);
			name = LaunchScreen.xib;
			sourceTree = "<group>";
		};
/* End PBXVariantGroup section */

/* Begin XCBuildConfiguration section */
		BFFB4D211A84542600DE96F0 /* Debug */ = {
			isa = XCBuildConfiguration;
			buildSettings = {
				ALWAYS_SEARCH_USER_PATHS = NO;
				CLANG_CXX_LANGUAGE_STANDARD = "gnu++0x";
				CLANG_CXX_LIBRARY = "libc++";
				CLANG_ENABLE_MODULES = YES;
				CLANG_ENABLE_OBJC_ARC = YES;
				CLANG_WARN_BOOL_CONVERSION = YES;
				CLANG_WARN_CONSTANT_CONVERSION = YES;
				CLANG_WARN_DIRECT_OBJC_ISA_USAGE = YES_ERROR;
				CLANG_WARN_EMPTY_BODY = YES;
				CLANG_WARN_ENUM_CONVERSION = YES;
				CLANG_WARN_INT_CONVERSION = YES;
				CLANG_WARN_OBJC_ROOT_CLASS = YES_ERROR;
				CLANG_WARN_UNREACHABLE_CODE = YES;
				CLANG_WARN__DUPLICATE_METHOD_MATCH = YES;
				"CODE_SIGN_IDENTITY[sdk=iphoneos*]" = "iPhone Developer";
				COPY_PHASE_STRIP = NO;
				ENABLE_STRICT_OBJC_MSGSEND = YES;
				GCC_C_LANGUAGE_STANDARD = gnu99;
				GCC_DYNAMIC_NO_PIC = NO;
				GCC_OPTIMIZATION_LEVEL = 0;
				GCC_PREPROCESSOR_DEFINITIONS = (
					"DEBUG=1",
					"$(inherited)",
				);
				GCC_SYMBOLS_PRIVATE_EXTERN = NO;
				GCC_WARN_64_TO_32_BIT_CONVERSION = YES;
				GCC_WARN_ABOUT_RETURN_TYPE = YES_ERROR;
				GCC_WARN_UNDECLARED_SELECTOR = YES;
				GCC_WARN_UNINITIALIZED_AUTOS = YES_AGGRESSIVE;
				GCC_WARN_UNUSED_FUNCTION = YES;
				GCC_WARN_UNUSED_VARIABLE = YES;
				IPHONEOS_DEPLOYMENT_TARGET = 8.1;
				MTL_ENABLE_DEBUG_INFO = YES;
				ONLY_ACTIVE_ARCH = YES;
				SDKROOT = iphoneos;
			};
			name = Debug;
		};
		BFFB4D221A84542600DE96F0 /* Release */ = {
			isa = XCBuildConfiguration;
			buildSettings = {
				ALWAYS_SEARCH_USER_PATHS = NO;
				CLANG_CXX_LANGUAGE_STANDARD = "gnu++0x";
				CLANG_CXX_LIBRARY = "libc++";
				CLANG_ENABLE_MODULES = YES;
				CLANG_ENABLE_OBJC_ARC = YES;
				CLANG_WARN_BOOL_CONVERSION = YES;
				CLANG_WARN_CONSTANT_CONVERSION = YES;
				CLANG_WARN_DIRECT_OBJC_ISA_USAGE = YES_ERROR;
				CLANG_WARN_EMPTY_BODY = YES;
				CLANG_WARN_ENUM_CONVERSION = YES;
				CLANG_WARN_INT_CONVERSION = YES;
				CLANG_WARN_OBJC_ROOT_CLASS = YES_ERROR;
				CLANG_WARN_UNREACHABLE_CODE = YES;
				CLANG_WARN__DUPLICATE_METHOD_MATCH = YES;
				"CODE_SIGN_IDENTITY[sdk=iphoneos*]" = "iPhone Developer";
				COPY_PHASE_STRIP = YES;
				ENABLE_NS_ASSERTIONS = NO;
				ENABLE_STRICT_OBJC_MSGSEND = YES;
				GCC_C_LANGUAGE_STANDARD = gnu99;
				GCC_WARN_64_TO_32_BIT_CONVERSION = YES;
				GCC_WARN_ABOUT_RETURN_TYPE = YES_ERROR;
				GCC_WARN_UNDECLARED_SELECTOR = YES;
				GCC_WARN_UNINITIALIZED_AUTOS = YES_AGGRESSIVE;
				GCC_WARN_UNUSED_FUNCTION = YES;
				GCC_WARN_UNUSED_VARIABLE = YES;
				IPHONEOS_DEPLOYMENT_TARGET = 8.1;
				MTL_ENABLE_DEBUG_INFO = NO;
				SDKROOT = iphoneos;
				VALIDATE_PRODUCT = YES;
			};
			name = Release;
		};
		BFFB4D241A84542600DE96F0 /* Debug */ = {
			isa = XCBuildConfiguration;
			baseConfigurationReference = 388C299C1F56BAF98CA9EC06 /* Pods-ProgrammingExcercise.debug.xcconfig */;
			buildSettings = {
				ASSETCATALOG_COMPILER_APPICON_NAME = AppIcon;
				INFOPLIST_FILE = ProgrammingExcercise/Info.plist;
				LD_RUNPATH_SEARCH_PATHS = "$(inherited) @executable_path/Frameworks";
				PRODUCT_NAME = "$(TARGET_NAME)";
			};
			name = Debug;
		};
		BFFB4D251A84542600DE96F0 /* Release */ = {
			isa = XCBuildConfiguration;
			baseConfigurationReference = A770A0ACE0AD866E317A976C /* Pods-ProgrammingExcercise.release.xcconfig */;
			buildSettings = {
				ASSETCATALOG_COMPILER_APPICON_NAME = AppIcon;
				INFOPLIST_FILE = ProgrammingExcercise/Info.plist;
				LD_RUNPATH_SEARCH_PATHS = "$(inherited) @executable_path/Frameworks";
				PRODUCT_NAME = "$(TARGET_NAME)";
			};
			name = Release;
		};
		BFFB4D271A84542600DE96F0 /* Debug */ = {
			isa = XCBuildConfiguration;
			buildSettings = {
				BUNDLE_LOADER = "$(TEST_HOST)";
				FRAMEWORK_SEARCH_PATHS = (
					"$(SDKROOT)/Developer/Library/Frameworks",
					"$(inherited)",
				);
				GCC_PREPROCESSOR_DEFINITIONS = (
					"DEBUG=1",
					"$(inherited)",
				);
				INFOPLIST_FILE = ProgrammingExcerciseTests/Info.plist;
				LD_RUNPATH_SEARCH_PATHS = "$(inherited) @executable_path/Frameworks @loader_path/Frameworks";
				PRODUCT_NAME = "$(TARGET_NAME)";
				TEST_HOST = "$(BUILT_PRODUCTS_DIR)/ProgrammingExcercise.app/ProgrammingExcercise";
			};
			name = Debug;
		};
		BFFB4D281A84542600DE96F0 /* Release */ = {
			isa = XCBuildConfiguration;
			buildSettings = {
				BUNDLE_LOADER = "$(TEST_HOST)";
				FRAMEWORK_SEARCH_PATHS = (
					"$(SDKROOT)/Developer/Library/Frameworks",
					"$(inherited)",
				);
				INFOPLIST_FILE = ProgrammingExcerciseTests/Info.plist;
				LD_RUNPATH_SEARCH_PATHS = "$(inherited) @executable_path/Frameworks @loader_path/Frameworks";
				PRODUCT_NAME = "$(TARGET_NAME)";
				TEST_HOST = "$(BUILT_PRODUCTS_DIR)/ProgrammingExcercise.app/ProgrammingExcercise";
			};
			name = Release;
		};
/* End XCBuildConfiguration section */

/* Begin XCConfigurationList section */
		BFFB4CF81A84542500DE96F0 /* Build configuration list for PBXProject "ProgrammingExcercise" */ = {
			isa = XCConfigurationList;
			buildConfigurations = (
				BFFB4D211A84542600DE96F0 /* Debug */,
				BFFB4D221A84542600DE96F0 /* Release */,
			);
			defaultConfigurationIsVisible = 0;
			defaultConfigurationName = Release;
		};
		BFFB4D231A84542600DE96F0 /* Build configuration list for PBXNativeTarget "ProgrammingExcercise" */ = {
			isa = XCConfigurationList;
			buildConfigurations = (
				BFFB4D241A84542600DE96F0 /* Debug */,
				BFFB4D251A84542600DE96F0 /* Release */,
			);
			defaultConfigurationIsVisible = 0;
			defaultConfigurationName = Release;
		};
		BFFB4D261A84542600DE96F0 /* Build configuration list for PBXNativeTarget "ProgrammingExcerciseTests" */ = {
			isa = XCConfigurationList;
			buildConfigurations = (
				BFFB4D271A84542600DE96F0 /* Debug */,
				BFFB4D281A84542600DE96F0 /* Release */,
			);
			defaultConfigurationIsVisible = 0;
			defaultConfigurationName = Release;
		};
/* End XCConfigurationList section */
	};
	rootObject = BFFB4CF51A84542500DE96F0 /* Project object */;
}
